
Microsoft Visual Studio Solution File, Format Version 12.00
# Visual Studio 15
VisualStudioVersion = 15.0.28307.421
MinimumVisualStudioVersion = 10.0.40219.1
Project("{FAE04EC0-301F-11D3-BF4B-00C04F79EFBC}") = "TEST.SCHOOL.API", "TEST.SCHOOL.API\TEST.SCHOOL.API.csproj", "{BCAA2B22-0B2D-4400-9045-0B3066770578}"
EndProject
Project("{FAE04EC0-301F-11D3-BF4B-00C04F79EFBC}") = "SCHOOL.DATA", "SCHOOL.DATA\SCHOOL.DATA.csproj", "{E0E76CD8-FCB4-4563-8DCF-3F90AD0AD67B}"
EndProject
Global
	GlobalSection(SolutionConfigurationPlatforms) = preSolution
		Debug|Any CPU = Debug|Any CPU
		Release|Any CPU = Release|Any CPU
	EndGlobalSection
	GlobalSection(ProjectConfigurationPlatforms) = postSolution
		{BCAA2B22-0B2D-4400-9045-0B3066770578}.Debug|Any CPU.ActiveCfg = Debug|Any CPU
		{BCAA2B22-0B2D-4400-9045-0B3066770578}.Debug|Any CPU.Build.0 = Debug|Any CPU
		{BCAA2B22-0B2D-4400-9045-0B3066770578}.Release|Any CPU.ActiveCfg = Release|Any CPU
		{BCAA2B22-0B2D-4400-9045-0B3066770578}.Release|Any CPU.Build.0 = Release|Any CPU
		{E0E76CD8-FCB4-4563-8DCF-3F90AD0AD67B}.Debug|Any CPU.ActiveCfg = Debug|Any CPU
		{E0E76CD8-FCB4-4563-8DCF-3F90AD0AD67B}.Debug|Any CPU.Build.0 = Debug|Any CPU
		{E0E76CD8-FCB4-4563-8DCF-3F90AD0AD67B}.Release|Any CPU.ActiveCfg = Release|Any CPU
		{E0E76CD8-FCB4-4563-8DCF-3F90AD0AD67B}.Release|Any CPU.Build.0 = Release|Any CPU
	EndGlobalSection
	GlobalSection(SolutionProperties) = preSolution
		HideSolutionNode = FALSE
	EndGlobalSection
	GlobalSection(ExtensibilityGlobals) = postSolution
		SolutionGuid = {7AFDE6E3-9BA3-46D4-BB19-E41EFDAD268D}
	EndGlobalSection
EndGlobal
